
Microsoft Visual Studio Solution File, Format Version 12.00
# Visual Studio Version 17
VisualStudioVersion = 17.0.32112.339
MinimumVisualStudioVersion = 10.0.40219.1
Project("{FAE04EC0-301F-11D3-BF4B-00C04F79EFBC}") = "FinancialWellness.API", "FinancialWellness.API\FinancialWellness.API.csproj", "{657DC076-D7DD-4BA4-84D0-944BCAA7E5B0}"
EndProject
Global
	GlobalSection(SolutionConfigurationPlatforms) = preSolution
		Debug|Any CPU = Debug|Any CPU
		Release|Any CPU = Release|Any CPU
	EndGlobalSection
	GlobalSection(ProjectConfigurationPlatforms) = postSolution
		{657DC076-D7DD-4BA4-84D0-944BCAA7E5B0}.Debug|Any CPU.ActiveCfg = Debug|Any CPU
		{657DC076-D7DD-4BA4-84D0-944BCAA7E5B0}.Debug|Any CPU.Build.0 = Debug|Any CPU
		{657DC076-D7DD-4BA4-84D0-944BCAA7E5B0}.Release|Any CPU.ActiveCfg = Release|Any CPU
		{657DC076-D7DD-4BA4-84D0-944BCAA7E5B0}.Release|Any CPU.Build.0 = Release|Any CPU
	EndGlobalSection
	GlobalSection(SolutionProperties) = preSolution
		HideSolutionNode = FALSE
	EndGlobalSection
	GlobalSection(ExtensibilityGlobals) = postSolution
		SolutionGuid = {8A4007F1-1F47-4158-AA4A-0FF603E8B642}
	EndGlobalSection
EndGlobal
